// !$*UTF8*$!
{
	archiveVersion = 1;
	classes = {
	};
	objectVersion = 46;
	objects = {

/* Begin PBXBuildFile section */
		18C85C5819C6E22100BDC247 /* Foundation.framework in Frameworks */ = {isa = PBXBuildFile; fileRef = 18C85C5719C6E22100BDC247 /* Foundation.framework */; };
		18C85C5A19C6E22100BDC247 /* CoreGraphics.framework in Frameworks */ = {isa = PBXBuildFile; fileRef = 18C85C5919C6E22100BDC247 /* CoreGraphics.framework */; };
		18C85C5C19C6E22100BDC247 /* UIKit.framework in Frameworks */ = {isa = PBXBuildFile; fileRef = 18C85C5B19C6E22100BDC247 /* UIKit.framework */; };
		18C85C6219C6E22100BDC247 /* InfoPlist.strings in Resources */ = {isa = PBXBuildFile; fileRef = 18C85C6019C6E22100BDC247 /* InfoPlist.strings */; };
		18C85C6419C6E22100BDC247 /* main.m in Sources */ = {isa = PBXBuildFile; fileRef = 18C85C6319C6E22100BDC247 /* main.m */; };
		18C85C6819C6E22100BDC247 /* HMAppDelegate.m in Sources */ = {isa = PBXBuildFile; fileRef = 18C85C6719C6E22100BDC247 /* HMAppDelegate.m */; };
		18C85C6B19C6E22100BDC247 /* Main.storyboard in Resources */ = {isa = PBXBuildFile; fileRef = 18C85C6919C6E22100BDC247 /* Main.storyboard */; };
		18C85C6E19C6E22100BDC247 /* HMViewController.m in Sources */ = {isa = PBXBuildFile; fileRef = 18C85C6D19C6E22100BDC247 /* HMViewController.m */; };
		18C85C7019C6E22100BDC247 /* Images.xcassets in Resources */ = {isa = PBXBuildFile; fileRef = 18C85C6F19C6E22100BDC247 /* Images.xcassets */; };
		18C85C7719C6E22200BDC247 /* XCTest.framework in Frameworks */ = {isa = PBXBuildFile; fileRef = 18C85C7619C6E22200BDC247 /* XCTest.framework */; };
		18C85C7819C6E22200BDC247 /* Foundation.framework in Frameworks */ = {isa = PBXBuildFile; fileRef = 18C85C5719C6E22100BDC247 /* Foundation.framework */; };
		18C85C7919C6E22200BDC247 /* UIKit.framework in Frameworks */ = {isa = PBXBuildFile; fileRef = 18C85C5B19C6E22100BDC247 /* UIKit.framework */; };
		18C85C8119C6E22200BDC247 /* InfoPlist.strings in Resources */ = {isa = PBXBuildFile; fileRef = 18C85C7F19C6E22200BDC247 /* InfoPlist.strings */; };
		18C85C8319C6E22200BDC247 /* _9_GCD03___________Tests.m in Sources */ = {isa = PBXBuildFile; fileRef = 18C85C8219C6E22200BDC247 /* _9_GCD03___________Tests.m */; };
		18C85C8E19C6E5C400BDC247 /* HMPerson.m in Sources */ = {isa = PBXBuildFile; fileRef = 18C85C8D19C6E5C400BDC247 /* HMPerson.m */; };
/* End PBXBuildFile section */

/* Begin PBXContainerItemProxy section */
		18C85C7A19C6E22200BDC247 /* PBXContainerItemProxy */ = {
			isa = PBXContainerItemProxy;
			containerPortal = 18C85C4C19C6E22100BDC247 /* Project object */;
			proxyType = 1;
			remoteGlobalIDString = 18C85C5319C6E22100BDC247;
			remoteInfo = "09-GCD03-线程间的通信（掌握）";
		};
/* End PBXContainerItemProxy section */

/* Begin PBXFileReference section */
		18C85C5419C6E22100BDC247 /* 09-GCD03-线程间的通信（掌握）.app */ = {isa = PBXFileReference; explicitFileType = wrapper.application; includeInIndex = 0; path = "09-GCD03-线程间的通信（掌握）.app"; sourceTree = BUILT_PRODUCTS_DIR; };
		18C85C5719C6E22100BDC247 /* Foundation.framework */ = {isa = PBXFileReference; lastKnownFileType = wrapper.framework; name = Foundation.framework; path = System/Library/Frameworks/Foundation.framework; sourceTree = SDKROOT; };
		18C85C5919C6E22100BDC247 /* CoreGraphics.framework */ = {isa = PBXFileReference; lastKnownFileType = wrapper.framework; name = CoreGraphics.framework; path = System/Library/Frameworks/CoreGraphics.framework; sourceTree = SDKROOT; };
		18C85C5B19C6E22100BDC247 /* UIKit.framework */ = {isa = PBXFileReference; lastKnownFileType = wrapper.framework; name = UIKit.framework; path = System/Library/Frameworks/UIKit.framework; sourceTree = SDKROOT; };
		18C85C5F19C6E22100BDC247 /* 09-GCD03-线程间的通信（掌握）-Info.plist */ = {isa = PBXFileReference; lastKnownFileType = text.plist.xml; path = "09-GCD03-线程间的通信（掌握）-Info.plist"; sourceTree = "<group>"; };
		18C85C6119C6E22100BDC247 /* en */ = {isa = PBXFileReference; lastKnownFileType = text.plist.strings; name = en; path = en.lproj/InfoPlist.strings; sourceTree = "<group>"; };
		18C85C6319C6E22100BDC247 /* main.m */ = {isa = PBXFileReference; lastKnownFileType = sourcecode.c.objc; path = main.m; sourceTree = "<group>"; };
		18C85C6519C6E22100BDC247 /* 09-GCD03-线程间的通信（掌握）-Prefix.pch */ = {isa = PBXFileReference; lastKnownFileType = sourcecode.c.h; path = "09-GCD03-线程间的通信（掌握）-Prefix.pch"; sourceTree = "<group>"; };
		18C85C6619C6E22100BDC247 /* HMAppDelegate.h */ = {isa = PBXFileReference; lastKnownFileType = sourcecode.c.h; path = HMAppDelegate.h; sourceTree = "<group>"; };
		18C85C6719C6E22100BDC247 /* HMAppDelegate.m */ = {isa = PBXFileReference; lastKnownFileType = sourcecode.c.objc; path = HMAppDelegate.m; sourceTree = "<group>"; };
		18C85C6A19C6E22100BDC247 /* Base */ = {isa = PBXFileReference; lastKnownFileType = file.storyboard; name = Base; path = Base.lproj/Main.storyboard; sourceTree = "<group>"; };
		18C85C6C19C6E22100BDC247 /* HMViewController.h */ = {isa = PBXFileReference; lastKnownFileType = sourcecode.c.h; path = HMViewController.h; sourceTree = "<group>"; };
		18C85C6D19C6E22100BDC247 /* HMViewController.m */ = {isa = PBXFileReference; lastKnownFileType = sourcecode.c.objc; path = HMViewController.m; sourceTree = "<group>"; };
		18C85C6F19C6E22100BDC247 /* Images.xcassets */ = {isa = PBXFileReference; lastKnownFileType = folder.assetcatalog; path = Images.xcassets; sourceTree = "<group>"; };
		18C85C7519C6E22200BDC247 /* 09-GCD03-线程间的通信（掌握）Tests.xctest */ = {isa = PBXFileReference; explicitFileType = wrapper.cfbundle; includeInIndex = 0; path = "09-GCD03-线程间的通信（掌握）Tests.xctest"; sourceTree = BUILT_PRODUCTS_DIR; };
		18C85C7619C6E22200BDC247 /* XCTest.framework */ = {isa = PBXFileReference; lastKnownFileType = wrapper.framework; name = XCTest.framework; path = Library/Frameworks/XCTest.framework; sourceTree = DEVELOPER_DIR; };
		18C85C7E19C6E22200BDC247 /* 09-GCD03-线程间的通信（掌握）Tests-Info.plist */ = {isa = PBXFileReference; lastKnownFileType = text.plist.xml; path = "09-GCD03-线程间的通信（掌握）Tests-Info.plist"; sourceTree = "<group>"; };
		18C85C8019C6E22200BDC247 /* en */ = {isa = PBXFileReference; lastKnownFileType = text.plist.strings; name = en; path = en.lproj/InfoPlist.strings; sourceTree = "<group>"; };
		18C85C8219C6E22200BDC247 /* _9_GCD03___________Tests.m */ = {isa = PBXFileReference; lastKnownFileType = sourcecode.c.objc; path = "_9_GCD03___________Tests.m"; sourceTree = "<group>"; };
		18C85C8C19C6E5C400BDC247 /* HMPerson.h */ = {isa = PBXFileReference; fileEncoding = 4; lastKnownFileType = sourcecode.c.h; path = HMPerson.h; sourceTree = "<group>"; };
		18C85C8D19C6E5C400BDC247 /* HMPerson.m */ = {isa = PBXFileReference; fileEncoding = 4; lastKnownFileType = sourcecode.c.objc; path = HMPerson.m; sourceTree = "<group>"; };
/* End PBXFileReference section */

/* Begin PBXFrameworksBuildPhase section */
		18C85C5119C6E22100BDC247 /* Frameworks */ = {
			isa = PBXFrameworksBuildPhase;
			buildActionMask = 2147483647;
			files = (
				18C85C5A19C6E22100BDC247 /* CoreGraphics.framework in Frameworks */,
				18C85C5C19C6E22100BDC247 /* UIKit.framework in Frameworks */,
				18C85C5819C6E22100BDC247 /* Foundation.framework in Frameworks */,
			);
			runOnlyForDeploymentPostprocessing = 0;
		};
		18C85C7219C6E22200BDC247 /* Frameworks */ = {
			isa = PBXFrameworksBuildPhase;
			buildActionMask = 2147483647;
			files = (
				18C85C7719C6E22200BDC247 /* XCTest.framework in Frameworks */,
				18C85C7919C6E22200BDC247 /* UIKit.framework in Frameworks */,
				18C85C7819C6E22200BDC247 /* Foundation.framework in Frameworks */,
			);
			runOnlyForDeploymentPostprocessing = 0;
		};
/* End PBXFrameworksBuildPhase section */

/* Begin PBXGroup section */
		18C85C4B19C6E22100BDC247 = {
			isa = PBXGroup;
			children = (
				18C85C5D19C6E22100BDC247 /* 09-GCD03-线程间的通信（掌握） */,
				18C85C7C19C6E22200BDC247 /* 09-GCD03-线程间的通信（掌握）Tests */,
				18C85C5619C6E22100BDC247 /* Frameworks */,
				18C85C5519C6E22100BDC247 /* Products */,
			);
			sourceTree = "<group>";
		};
		18C85C5519C6E22100BDC247 /* Products */ = {
			isa = PBXGroup;
			children = (
				18C85C5419C6E22100BDC247 /* 09-GCD03-线程间的通信（掌握）.app */,
				18C85C7519C6E22200BDC247 /* 09-GCD03-线程间的通信（掌握）Tests.xctest */,
			);
			name = Products;
			sourceTree = "<group>";
		};
		18C85C5619C6E22100BDC247 /* Frameworks */ = {
			isa = PBXGroup;
			children = (
				18C85C5719C6E22100BDC247 /* Foundation.framework */,
				18C85C5919C6E22100BDC247 /* CoreGraphics.framework */,
				18C85C5B19C6E22100BDC247 /* UIKit.framework */,
				18C85C7619C6E22200BDC247 /* XCTest.framework */,
			);
			name = Frameworks;
			sourceTree = "<group>";
		};
		18C85C5D19C6E22100BDC247 /* 09-GCD03-线程间的通信（掌握） */ = {
			isa = PBXGroup;
			children = (
				18C85C6619C6E22100BDC247 /* HMAppDelegate.h */,
				18C85C6719C6E22100BDC247 /* HMAppDelegate.m */,
				18C85C6919C6E22100BDC247 /* Main.storyboard */,
				18C85C6C19C6E22100BDC247 /* HMViewController.h */,
				18C85C6D19C6E22100BDC247 /* HMViewController.m */,
				18C85C6F19C6E22100BDC247 /* Images.xcassets */,
				18C85C5E19C6E22100BDC247 /* Supporting Files */,
				18C85C8C19C6E5C400BDC247 /* HMPerson.h */,
				18C85C8D19C6E5C400BDC247 /* HMPerson.m */,
			);
			path = "09-GCD03-线程间的通信（掌握）";
			sourceTree = "<group>";
		};
		18C85C5E19C6E22100BDC247 /* Supporting Files */ = {
			isa = PBXGroup;
			children = (
				18C85C5F19C6E22100BDC247 /* 09-GCD03-线程间的通信（掌握）-Info.plist */,
				18C85C6019C6E22100BDC247 /* InfoPlist.strings */,
				18C85C6319C6E22100BDC247 /* main.m */,
				18C85C6519C6E22100BDC247 /* 09-GCD03-线程间的通信（掌握）-Prefix.pch */,
			);
			name = "Supporting Files";
			sourceTree = "<group>";
		};
		18C85C7C19C6E22200BDC247 /* 09-GCD03-线程间的通信（掌握）Tests */ = {
			isa = PBXGroup;
			children = (
				18C85C8219C6E22200BDC247 /* _9_GCD03___________Tests.m */,
				18C85C7D19C6E22200BDC247 /* Supporting Files */,
			);
			path = "09-GCD03-线程间的通信（掌握）Tests";
			sourceTree = "<group>";
		};
		18C85C7D19C6E22200BDC247 /* Supporting Files */ = {
			isa = PBXGroup;
			children = (
				18C85C7E19C6E22200BDC247 /* 09-GCD03-线程间的通信（掌握）Tests-Info.plist */,
				18C85C7F19C6E22200BDC247 /* InfoPlist.strings */,
			);
			name = "Supporting Files";
			sourceTree = "<group>";
		};
/* End PBXGroup section */

/* Begin PBXNativeTarget section */
		18C85C5319C6E22100BDC247 /* 09-GCD03-线程间的通信（掌握） */ = {
			isa = PBXNativeTarget;
			buildConfigurationList = 18C85C8619C6E22200BDC247 /* Build configuration list for PBXNativeTarget "09-GCD03-线程间的通信（掌握）" */;
			buildPhases = (
				18C85C5019C6E22100BDC247 /* Sources */,
				18C85C5119C6E22100BDC247 /* Frameworks */,
				18C85C5219C6E22100BDC247 /* Resources */,
			);
			buildRules = (
			);
			dependencies = (
			);
			name = "09-GCD03-线程间的通信（掌握）";
			productName = "09-GCD03-线程间的通信（掌握）";
			productReference = 18C85C5419C6E22100BDC247 /* 09-GCD03-线程间的通信（掌握）.app */;
			productType = "com.apple.product-type.application";
		};
		18C85C7419C6E22200BDC247 /* 09-GCD03-线程间的通信（掌握）Tests */ = {
			isa = PBXNativeTarget;
			buildConfigurationList = 18C85C8919C6E22200BDC247 /* Build configuration list for PBXNativeTarget "09-GCD03-线程间的通信（掌握）Tests" */;
			buildPhases = (
				18C85C7119C6E22200BDC247 /* Sources */,
				18C85C7219C6E22200BDC247 /* Frameworks */,
				18C85C7319C6E22200BDC247 /* Resources */,
			);
			buildRules = (
			);
			dependencies = (
				18C85C7B19C6E22200BDC247 /* PBXTargetDependency */,
			);
			name = "09-GCD03-线程间的通信（掌握）Tests";
			productName = "09-GCD03-线程间的通信（掌握）Tests";
			productReference = 18C85C7519C6E22200BDC247 /* 09-GCD03-线程间的通信（掌握）Tests.xctest */;
			productType = "com.apple.product-type.bundle.unit-test";
		};
/* End PBXNativeTarget section */

/* Begin PBXProject section */
		18C85C4C19C6E22100BDC247 /* Project object */ = {
			isa = PBXProject;
			attributes = {
				CLASSPREFIX = HM;
				LastUpgradeCheck = 0510;
				ORGANIZATIONNAME = heima;
				TargetAttributes = {
					18C85C7419C6E22200BDC247 = {
						TestTargetID = 18C85C5319C6E22100BDC247;
					};
				};
			};
			buildConfigurationList = 18C85C4F19C6E22100BDC247 /* Build configuration list for PBXProject "09-GCD03-线程间的通信（掌握）" */;
			compatibilityVersion = "Xcode 3.2";
			developmentRegion = English;
			hasScannedForEncodings = 0;
			knownRegions = (
				en,
				Base,
			);
			mainGroup = 18C85C4B19C6E22100BDC247;
			productRefGroup = 18C85C5519C6E22100BDC247 /* Products */;
			projectDirPath = "";
			projectRoot = "";
			targets = (
				18C85C5319C6E22100BDC247 /* 09-GCD03-线程间的通信（掌握） */,
				18C85C7419C6E22200BDC247 /* 09-GCD03-线程间的通信（掌握）Tests */,
			);
		};
/* End PBXProject section */

/* Begin PBXResourcesBuildPhase section */
		18C85C5219C6E22100BDC247 /* Resources */ = {
			isa = PBXResourcesBuildPhase;
			buildActionMask = 2147483647;
			files = (
				18C85C7019C6E22100BDC247 /* Images.xcassets in Resources */,
				18C85C6219C6E22100BDC247 /* InfoPlist.strings in Resources */,
				18C85C6B19C6E22100BDC247 /* Main.storyboard in Resources */,
			);
			runOnlyForDeploymentPostprocessing = 0;
		};
		18C85C7319C6E22200BDC247 /* Resources */ = {
			isa = PBXResourcesBuildPhase;
			buildActionMask = 2147483647;
			files = (
				18C85C8119C6E22200BDC247 /* InfoPlist.strings in Resources */,
			);
			runOnlyForDeploymentPostprocessing = 0;
		};
/* End PBXResourcesBuildPhase section */

/* Begin PBXSourcesBuildPhase section */
		18C85C5019C6E22100BDC247 /* Sources */ = {
			isa = PBXSourcesBuildPhase;
			buildActionMask = 2147483647;
			files = (
				18C85C6E19C6E22100BDC247 /* HMViewController.m in Sources */,
				18C85C8E19C6E5C400BDC247 /* HMPerson.m in Sources */,
				18C85C6419C6E22100BDC247 /* main.m in Sources */,
				18C85C6819C6E22100BDC247 /* HMAppDelegate.m in Sources */,
			);
			runOnlyForDeploymentPostprocessing = 0;
		};
		18C85C7119C6E22200BDC247 /* Sources */ = {
			isa = PBXSourcesBuildPhase;
			buildActionMask = 2147483647;
			files = (
				18C85C8319C6E22200BDC247 /* _9_GCD03___________Tests.m in Sources */,
			);
			runOnlyForDeploymentPostprocessing = 0;
		};
/* End PBXSourcesBuildPhase section */

/* Begin PBXTargetDependency section */
		18C85C7B19C6E22200BDC247 /* PBXTargetDependency */ = {
			isa = PBXTargetDependency;
			target = 18C85C5319C6E22100BDC247 /* 09-GCD03-线程间的通信（掌握） */;
			targetProxy = 18C85C7A19C6E22200BDC247 /* PBXContainerItemProxy */;
		};
/* End PBXTargetDependency section */

/* Begin PBXVariantGroup section */
		18C85C6019C6E22100BDC247 /* InfoPlist.strings */ = {
			isa = PBXVariantGroup;
			children = (
				18C85C6119C6E22100BDC247 /* en */,
			);
			name = InfoPlist.strings;
			sourceTree = "<group>";
		};
		18C85C6919C6E22100BDC247 /* Main.storyboard */ = {
			isa = PBXVariantGroup;
			children = (
				18C85C6A19C6E22100BDC247 /* Base */,
			);
			name = Main.storyboard;
			sourceTree = "<group>";
		};
		18C85C7F19C6E22200BDC247 /* InfoPlist.strings */ = {
			isa = PBXVariantGroup;
			children = (
				18C85C8019C6E22200BDC247 /* en */,
			);
			name = InfoPlist.strings;
			sourceTree = "<group>";
		};
/* End PBXVariantGroup section */

/* Begin XCBuildConfiguration section */
		18C85C8419C6E22200BDC247 /* Debug */ = {
			isa = XCBuildConfiguration;
			buildSettings = {
				ALWAYS_SEARCH_USER_PATHS = NO;
				CLANG_CXX_LANGUAGE_STANDARD = "gnu++0x";
				CLANG_CXX_LIBRARY = "libc++";
				CLANG_ENABLE_MODULES = YES;
				CLANG_ENABLE_OBJC_ARC = YES;
				CLANG_WARN_BOOL_CONVERSION = YES;
				CLANG_WARN_CONSTANT_CONVERSION = YES;
				CLANG_WARN_DIRECT_OBJC_ISA_USAGE = YES_ERROR;
				CLANG_WARN_EMPTY_BODY = YES;
				CLANG_WARN_ENUM_CONVERSION = YES;
				CLANG_WARN_INT_CONVERSION = YES;
				CLANG_WARN_OBJC_ROOT_CLASS = YES_ERROR;
				CLANG_WARN__DUPLICATE_METHOD_MATCH = YES;
				"CODE_SIGN_IDENTITY[sdk=iphoneos*]" = "iPhone Developer";
				COPY_PHASE_STRIP = NO;
				GCC_C_LANGUAGE_STANDARD = gnu99;
				GCC_DYNAMIC_NO_PIC = NO;
				GCC_OPTIMIZATION_LEVEL = 0;
				GCC_PREPROCESSOR_DEFINITIONS = (
					"DEBUG=1",
					"$(inherited)",
				);
				GCC_SYMBOLS_PRIVATE_EXTERN = NO;
				GCC_WARN_64_TO_32_BIT_CONVERSION = YES;
				GCC_WARN_ABOUT_RETURN_TYPE = YES_ERROR;
				GCC_WARN_UNDECLARED_SELECTOR = YES;
				GCC_WARN_UNINITIALIZED_AUTOS = YES_AGGRESSIVE;
				GCC_WARN_UNUSED_FUNCTION = YES;
				GCC_WARN_UNUSED_VARIABLE = YES;
				IPHONEOS_DEPLOYMENT_TARGET = 7.1;
				ONLY_ACTIVE_ARCH = YES;
				SDKROOT = iphoneos;
			};
			name = Debug;
		};
		18C85C8519C6E22200BDC247 /* Release */ = {
			isa = XCBuildConfiguration;
			buildSettings = {
				ALWAYS_SEARCH_USER_PATHS = NO;
				CLANG_CXX_LANGUAGE_STANDARD = "gnu++0x";
				CLANG_CXX_LIBRARY = "libc++";
				CLANG_ENABLE_MODULES = YES;
				CLANG_ENABLE_OBJC_ARC = YES;
				CLANG_WARN_BOOL_CONVERSION = YES;
				CLANG_WARN_CONSTANT_CONVERSION = YES;
				CLANG_WARN_DIRECT_OBJC_ISA_USAGE = YES_ERROR;
				CLANG_WARN_EMPTY_BODY = YES;
				CLANG_WARN_ENUM_CONVERSION = YES;
				CLANG_WARN_INT_CONVERSION = YES;
				CLANG_WARN_OBJC_ROOT_CLASS = YES_ERROR;
				CLANG_WARN__DUPLICATE_METHOD_MATCH = YES;
				"CODE_SIGN_IDENTITY[sdk=iphoneos*]" = "iPhone Developer";
				COPY_PHASE_STRIP = YES;
				ENABLE_NS_ASSERTIONS = NO;
				GCC_C_LANGUAGE_STANDARD = gnu99;
				GCC_WARN_64_TO_32_BIT_CONVERSION = YES;
				GCC_WARN_ABOUT_RETURN_TYPE = YES_ERROR;
				GCC_WARN_UNDECLARED_SELECTOR = YES;
				GCC_WARN_UNINITIALIZED_AUTOS = YES_AGGRESSIVE;
				GCC_WARN_UNUSED_FUNCTION = YES;
				GCC_WARN_UNUSED_VARIABLE = YES;
				IPHONEOS_DEPLOYMENT_TARGET = 7.1;
				SDKROOT = iphoneos;
				VALIDATE_PRODUCT = YES;
			};
			name = Release;
		};
		18C85C8719C6E22200BDC247 /* Debug */ = {
			isa = XCBuildConfiguration;
			buildSettings = {
				ASSETCATALOG_COMPILER_APPICON_NAME = AppIcon;
				ASSETCATALOG_COMPILER_LAUNCHIMAGE_NAME = LaunchImage;
				GCC_PRECOMPILE_PREFIX_HEADER = YES;
				GCC_PREFIX_HEADER = "09-GCD03-线程间的通信（掌握）/09-GCD03-线程间的通信（掌握）-Prefix.pch";
				INFOPLIST_FILE = "09-GCD03-线程间的通信（掌握）/09-GCD03-线程间的通信（掌握）-Info.plist";
				PRODUCT_NAME = "$(TARGET_NAME)";
				WRAPPER_EXTENSION = app;
			};
			name = Debug;
		};
		18C85C8819C6E22200BDC247 /* Release */ = {
			isa = XCBuildConfiguration;
			buildSettings = {
				ASSETCATALOG_COMPILER_APPICON_NAME = AppIcon;
				ASSETCATALOG_COMPILER_LAUNCHIMAGE_NAME = LaunchImage;
				GCC_PRECOMPILE_PREFIX_HEADER = YES;
				GCC_PREFIX_HEADER = "09-GCD03-线程间的通信（掌握）/09-GCD03-线程间的通信（掌握）-Prefix.pch";
				INFOPLIST_FILE = "09-GCD03-线程间的通信（掌握）/09-GCD03-线程间的通信（掌握）-Info.plist";
				PRODUCT_NAME = "$(TARGET_NAME)";
				WRAPPER_EXTENSION = app;
			};
			name = Release;
		};
		18C85C8A19C6E22200BDC247 /* Debug */ = {
			isa = XCBuildConfiguration;
			buildSettings = {
				BUNDLE_LOADER = "$(BUILT_PRODUCTS_DIR)/09-GCD03-线程间的通信（掌握）.app/09-GCD03-线程间的通信（掌握）";
				FRAMEWORK_SEARCH_PATHS = (
					"$(SDKROOT)/Developer/Library/Frameworks",
					"$(inherited)",
					"$(DEVELOPER_FRAMEWORKS_DIR)",
				);
				GCC_PRECOMPILE_PREFIX_HEADER = YES;
				GCC_PREFIX_HEADER = "09-GCD03-线程间的通信（掌握）/09-GCD03-线程间的通信（掌握）-Prefix.pch";
				GCC_PREPROCESSOR_DEFINITIONS = (
					"DEBUG=1",
					"$(inherited)",
				);
				INFOPLIST_FILE = "09-GCD03-线程间的通信（掌握）Tests/09-GCD03-线程间的通信（掌握）Tests-Info.plist";
				PRODUCT_NAME = "$(TARGET_NAME)";
				TEST_HOST = "$(BUNDLE_LOADER)";
				WRAPPER_EXTENSION = xctest;
			};
			name = Debug;
		};
		18C85C8B19C6E22200BDC247 /* Release */ = {
			isa = XCBuildConfiguration;
			buildSettings = {
				BUNDLE_LOADER = "$(BUILT_PRODUCTS_DIR)/09-GCD03-线程间的通信（掌握）.app/09-GCD03-线程间的通信（掌握）";
				FRAMEWORK_SEARCH_PATHS = (
					"$(SDKROOT)/Developer/Library/Frameworks",
					"$(inherited)",
					"$(DEVELOPER_FRAMEWORKS_DIR)",
				);
				GCC_PRECOMPILE_PREFIX_HEADER = YES;
				GCC_PREFIX_HEADER = "09-GCD03-线程间的通信（掌握）/09-GCD03-线程间的通信（掌握）-Prefix.pch";
				INFOPLIST_FILE = "09-GCD03-线程间的通信（掌握）Tests/09-GCD03-线程间的通信（掌握）Tests-Info.plist";
				PRODUCT_NAME = "$(TARGET_NAME)";
				TEST_HOST = "$(BUNDLE_LOADER)";
				WRAPPER_EXTENSION = xctest;
			};
			name = Release;
		};
/* End XCBuildConfiguration section */

/* Begin XCConfigurationList section */
		18C85C4F19C6E22100BDC247 /* Build configuration list for PBXProject "09-GCD03-线程间的通信（掌握）" */ = {
			isa = XCConfigurationList;
			buildConfigurations = (
				18C85C8419C6E22200BDC247 /* Debug */,
				18C85C8519C6E22200BDC247 /* Release */,
			);
			defaultConfigurationIsVisible = 0;
			defaultConfigurationName = Release;
		};
		18C85C8619C6E22200BDC247 /* Build configuration list for PBXNativeTarget "09-GCD03-线程间的通信（掌握）" */ = {
			isa = XCConfigurationList;
			buildConfigurations = (
				18C85C8719C6E22200BDC247 /* Debug */,
				18C85C8819C6E22200BDC247 /* Release */,
			);
			defaultConfigurationIsVisible = 0;
			defaultConfigurationName = Release;
		};
		18C85C8919C6E22200BDC247 /* Build configuration list for PBXNativeTarget "09-GCD03-线程间的通信（掌握）Tests" */ = {
			isa = XCConfigurationList;
			buildConfigurations = (
				18C85C8A19C6E22200BDC247 /* Debug */,
				18C85C8B19C6E22200BDC247 /* Release */,
			);
			defaultConfigurationIsVisible = 0;
			defaultConfigurationName = Release;
		};
/* End XCConfigurationList section */
	};
	rootObject = 18C85C4C19C6E22100BDC247 /* Project object */;
}
