// !$*UTF8*$!
{
	archiveVersion = 1;
	classes = {
	};
	objectVersion = 46;
	objects = {

/* Begin PBXBuildFile section */
		18BBF96119C68C3500022755 /* Foundation.framework in Frameworks */ = {isa = PBXBuildFile; fileRef = 18BBF96019C68C3500022755 /* Foundation.framework */; };
		18BBF96319C68C3500022755 /* CoreGraphics.framework in Frameworks */ = {isa = PBXBuildFile; fileRef = 18BBF96219C68C3500022755 /* CoreGraphics.framework */; };
		18BBF96519C68C3500022755 /* UIKit.framework in Frameworks */ = {isa = PBXBuildFile; fileRef = 18BBF96419C68C3500022755 /* UIKit.framework */; };
		18BBF96B19C68C3500022755 /* InfoPlist.strings in Resources */ = {isa = PBXBuildFile; fileRef = 18BBF96919C68C3500022755 /* InfoPlist.strings */; };
		18BBF96D19C68C3500022755 /* main.m in Sources */ = {isa = PBXBuildFile; fileRef = 18BBF96C19C68C3500022755 /* main.m */; };
		18BBF97119C68C3500022755 /* HMAppDelegate.m in Sources */ = {isa = PBXBuildFile; fileRef = 18BBF97019C68C3500022755 /* HMAppDelegate.m */; };
		18BBF97419C68C3500022755 /* Main.storyboard in Resources */ = {isa = PBXBuildFile; fileRef = 18BBF97219C68C3500022755 /* Main.storyboard */; };
		18BBF97719C68C3500022755 /* HMViewController.m in Sources */ = {isa = PBXBuildFile; fileRef = 18BBF97619C68C3500022755 /* HMViewController.m */; };
		18BBF97919C68C3500022755 /* Images.xcassets in Resources */ = {isa = PBXBuildFile; fileRef = 18BBF97819C68C3500022755 /* Images.xcassets */; };
		18BBF98019C68C3500022755 /* XCTest.framework in Frameworks */ = {isa = PBXBuildFile; fileRef = 18BBF97F19C68C3500022755 /* XCTest.framework */; };
		18BBF98119C68C3500022755 /* Foundation.framework in Frameworks */ = {isa = PBXBuildFile; fileRef = 18BBF96019C68C3500022755 /* Foundation.framework */; };
		18BBF98219C68C3500022755 /* UIKit.framework in Frameworks */ = {isa = PBXBuildFile; fileRef = 18BBF96419C68C3500022755 /* UIKit.framework */; };
		18BBF98A19C68C3500022755 /* InfoPlist.strings in Resources */ = {isa = PBXBuildFile; fileRef = 18BBF98819C68C3500022755 /* InfoPlist.strings */; };
		18BBF98C19C68C3500022755 /* _5____________Tests.m in Sources */ = {isa = PBXBuildFile; fileRef = 18BBF98B19C68C3500022755 /* _5____________Tests.m */; };
/* End PBXBuildFile section */

/* Begin PBXContainerItemProxy section */
		18BBF98319C68C3500022755 /* PBXContainerItemProxy */ = {
			isa = PBXContainerItemProxy;
			containerPortal = 18BBF95519C68C3500022755 /* Project object */;
			proxyType = 1;
			remoteGlobalIDString = 18BBF95C19C68C3500022755;
			remoteInfo = "05-线程的安全问题（了解）";
		};
/* End PBXContainerItemProxy section */

/* Begin PBXFileReference section */
		18BBF95D19C68C3500022755 /* 05-线程的安全问题（了解）.app */ = {isa = PBXFileReference; explicitFileType = wrapper.application; includeInIndex = 0; path = "05-线程的安全问题（了解）.app"; sourceTree = BUILT_PRODUCTS_DIR; };
		18BBF96019C68C3500022755 /* Foundation.framework */ = {isa = PBXFileReference; lastKnownFileType = wrapper.framework; name = Foundation.framework; path = System/Library/Frameworks/Foundation.framework; sourceTree = SDKROOT; };
		18BBF96219C68C3500022755 /* CoreGraphics.framework */ = {isa = PBXFileReference; lastKnownFileType = wrapper.framework; name = CoreGraphics.framework; path = System/Library/Frameworks/CoreGraphics.framework; sourceTree = SDKROOT; };
		18BBF96419C68C3500022755 /* UIKit.framework */ = {isa = PBXFileReference; lastKnownFileType = wrapper.framework; name = UIKit.framework; path = System/Library/Frameworks/UIKit.framework; sourceTree = SDKROOT; };
		18BBF96819C68C3500022755 /* 05-线程的安全问题（了解）-Info.plist */ = {isa = PBXFileReference; lastKnownFileType = text.plist.xml; path = "05-线程的安全问题（了解）-Info.plist"; sourceTree = "<group>"; };
		18BBF96A19C68C3500022755 /* en */ = {isa = PBXFileReference; lastKnownFileType = text.plist.strings; name = en; path = en.lproj/InfoPlist.strings; sourceTree = "<group>"; };
		18BBF96C19C68C3500022755 /* main.m */ = {isa = PBXFileReference; lastKnownFileType = sourcecode.c.objc; path = main.m; sourceTree = "<group>"; };
		18BBF96E19C68C3500022755 /* 05-线程的安全问题（了解）-Prefix.pch */ = {isa = PBXFileReference; lastKnownFileType = sourcecode.c.h; path = "05-线程的安全问题（了解）-Prefix.pch"; sourceTree = "<group>"; };
		18BBF96F19C68C3500022755 /* HMAppDelegate.h */ = {isa = PBXFileReference; lastKnownFileType = sourcecode.c.h; path = HMAppDelegate.h; sourceTree = "<group>"; };
		18BBF97019C68C3500022755 /* HMAppDelegate.m */ = {isa = PBXFileReference; lastKnownFileType = sourcecode.c.objc; path = HMAppDelegate.m; sourceTree = "<group>"; };
		18BBF97319C68C3500022755 /* Base */ = {isa = PBXFileReference; lastKnownFileType = file.storyboard; name = Base; path = Base.lproj/Main.storyboard; sourceTree = "<group>"; };
		18BBF97519C68C3500022755 /* HMViewController.h */ = {isa = PBXFileReference; lastKnownFileType = sourcecode.c.h; path = HMViewController.h; sourceTree = "<group>"; };
		18BBF97619C68C3500022755 /* HMViewController.m */ = {isa = PBXFileReference; lastKnownFileType = sourcecode.c.objc; path = HMViewController.m; sourceTree = "<group>"; };
		18BBF97819C68C3500022755 /* Images.xcassets */ = {isa = PBXFileReference; lastKnownFileType = folder.assetcatalog; path = Images.xcassets; sourceTree = "<group>"; };
		18BBF97E19C68C3500022755 /* 05-线程的安全问题（了解）Tests.xctest */ = {isa = PBXFileReference; explicitFileType = wrapper.cfbundle; includeInIndex = 0; path = "05-线程的安全问题（了解）Tests.xctest"; sourceTree = BUILT_PRODUCTS_DIR; };
		18BBF97F19C68C3500022755 /* XCTest.framework */ = {isa = PBXFileReference; lastKnownFileType = wrapper.framework; name = XCTest.framework; path = Library/Frameworks/XCTest.framework; sourceTree = DEVELOPER_DIR; };
		18BBF98719C68C3500022755 /* 05-线程的安全问题（了解）Tests-Info.plist */ = {isa = PBXFileReference; lastKnownFileType = text.plist.xml; path = "05-线程的安全问题（了解）Tests-Info.plist"; sourceTree = "<group>"; };
		18BBF98919C68C3500022755 /* en */ = {isa = PBXFileReference; lastKnownFileType = text.plist.strings; name = en; path = en.lproj/InfoPlist.strings; sourceTree = "<group>"; };
		18BBF98B19C68C3500022755 /* _5____________Tests.m */ = {isa = PBXFileReference; lastKnownFileType = sourcecode.c.objc; path = "_5____________Tests.m"; sourceTree = "<group>"; };
/* End PBXFileReference section */

/* Begin PBXFrameworksBuildPhase section */
		18BBF95A19C68C3500022755 /* Frameworks */ = {
			isa = PBXFrameworksBuildPhase;
			buildActionMask = 2147483647;
			files = (
				18BBF96319C68C3500022755 /* CoreGraphics.framework in Frameworks */,
				18BBF96519C68C3500022755 /* UIKit.framework in Frameworks */,
				18BBF96119C68C3500022755 /* Foundation.framework in Frameworks */,
			);
			runOnlyForDeploymentPostprocessing = 0;
		};
		18BBF97B19C68C3500022755 /* Frameworks */ = {
			isa = PBXFrameworksBuildPhase;
			buildActionMask = 2147483647;
			files = (
				18BBF98019C68C3500022755 /* XCTest.framework in Frameworks */,
				18BBF98219C68C3500022755 /* UIKit.framework in Frameworks */,
				18BBF98119C68C3500022755 /* Foundation.framework in Frameworks */,
			);
			runOnlyForDeploymentPostprocessing = 0;
		};
/* End PBXFrameworksBuildPhase section */

/* Begin PBXGroup section */
		18BBF95419C68C3500022755 = {
			isa = PBXGroup;
			children = (
				18BBF96619C68C3500022755 /* 05-线程的安全问题（了解） */,
				18BBF98519C68C3500022755 /* 05-线程的安全问题（了解）Tests */,
				18BBF95F19C68C3500022755 /* Frameworks */,
				18BBF95E19C68C3500022755 /* Products */,
			);
			sourceTree = "<group>";
		};
		18BBF95E19C68C3500022755 /* Products */ = {
			isa = PBXGroup;
			children = (
				18BBF95D19C68C3500022755 /* 05-线程的安全问题（了解）.app */,
				18BBF97E19C68C3500022755 /* 05-线程的安全问题（了解）Tests.xctest */,
			);
			name = Products;
			sourceTree = "<group>";
		};
		18BBF95F19C68C3500022755 /* Frameworks */ = {
			isa = PBXGroup;
			children = (
				18BBF96019C68C3500022755 /* Foundation.framework */,
				18BBF96219C68C3500022755 /* CoreGraphics.framework */,
				18BBF96419C68C3500022755 /* UIKit.framework */,
				18BBF97F19C68C3500022755 /* XCTest.framework */,
			);
			name = Frameworks;
			sourceTree = "<group>";
		};
		18BBF96619C68C3500022755 /* 05-线程的安全问题（了解） */ = {
			isa = PBXGroup;
			children = (
				18BBF96F19C68C3500022755 /* HMAppDelegate.h */,
				18BBF97019C68C3500022755 /* HMAppDelegate.m */,
				18BBF97219C68C3500022755 /* Main.storyboard */,
				18BBF97519C68C3500022755 /* HMViewController.h */,
				18BBF97619C68C3500022755 /* HMViewController.m */,
				18BBF97819C68C3500022755 /* Images.xcassets */,
				18BBF96719C68C3500022755 /* Supporting Files */,
			);
			path = "05-线程的安全问题（了解）";
			sourceTree = "<group>";
		};
		18BBF96719C68C3500022755 /* Supporting Files */ = {
			isa = PBXGroup;
			children = (
				18BBF96819C68C3500022755 /* 05-线程的安全问题（了解）-Info.plist */,
				18BBF96919C68C3500022755 /* InfoPlist.strings */,
				18BBF96C19C68C3500022755 /* main.m */,
				18BBF96E19C68C3500022755 /* 05-线程的安全问题（了解）-Prefix.pch */,
			);
			name = "Supporting Files";
			sourceTree = "<group>";
		};
		18BBF98519C68C3500022755 /* 05-线程的安全问题（了解）Tests */ = {
			isa = PBXGroup;
			children = (
				18BBF98B19C68C3500022755 /* _5____________Tests.m */,
				18BBF98619C68C3500022755 /* Supporting Files */,
			);
			path = "05-线程的安全问题（了解）Tests";
			sourceTree = "<group>";
		};
		18BBF98619C68C3500022755 /* Supporting Files */ = {
			isa = PBXGroup;
			children = (
				18BBF98719C68C3500022755 /* 05-线程的安全问题（了解）Tests-Info.plist */,
				18BBF98819C68C3500022755 /* InfoPlist.strings */,
			);
			name = "Supporting Files";
			sourceTree = "<group>";
		};
/* End PBXGroup section */

/* Begin PBXNativeTarget section */
		18BBF95C19C68C3500022755 /* 05-线程的安全问题（了解） */ = {
			isa = PBXNativeTarget;
			buildConfigurationList = 18BBF98F19C68C3500022755 /* Build configuration list for PBXNativeTarget "05-线程的安全问题（了解）" */;
			buildPhases = (
				18BBF95919C68C3500022755 /* Sources */,
				18BBF95A19C68C3500022755 /* Frameworks */,
				18BBF95B19C68C3500022755 /* Resources */,
			);
			buildRules = (
			);
			dependencies = (
			);
			name = "05-线程的安全问题（了解）";
			productName = "05-线程的安全问题（了解）";
			productReference = 18BBF95D19C68C3500022755 /* 05-线程的安全问题（了解）.app */;
			productType = "com.apple.product-type.application";
		};
		18BBF97D19C68C3500022755 /* 05-线程的安全问题（了解）Tests */ = {
			isa = PBXNativeTarget;
			buildConfigurationList = 18BBF99219C68C3500022755 /* Build configuration list for PBXNativeTarget "05-线程的安全问题（了解）Tests" */;
			buildPhases = (
				18BBF97A19C68C3500022755 /* Sources */,
				18BBF97B19C68C3500022755 /* Frameworks */,
				18BBF97C19C68C3500022755 /* Resources */,
			);
			buildRules = (
			);
			dependencies = (
				18BBF98419C68C3500022755 /* PBXTargetDependency */,
			);
			name = "05-线程的安全问题（了解）Tests";
			productName = "05-线程的安全问题（了解）Tests";
			productReference = 18BBF97E19C68C3500022755 /* 05-线程的安全问题（了解）Tests.xctest */;
			productType = "com.apple.product-type.bundle.unit-test";
		};
/* End PBXNativeTarget section */

/* Begin PBXProject section */
		18BBF95519C68C3500022755 /* Project object */ = {
			isa = PBXProject;
			attributes = {
				CLASSPREFIX = HM;
				LastUpgradeCheck = 0510;
				ORGANIZATIONNAME = heima;
				TargetAttributes = {
					18BBF97D19C68C3500022755 = {
						TestTargetID = 18BBF95C19C68C3500022755;
					};
				};
			};
			buildConfigurationList = 18BBF95819C68C3500022755 /* Build configuration list for PBXProject "05-线程的安全问题（了解）" */;
			compatibilityVersion = "Xcode 3.2";
			developmentRegion = English;
			hasScannedForEncodings = 0;
			knownRegions = (
				en,
				Base,
			);
			mainGroup = 18BBF95419C68C3500022755;
			productRefGroup = 18BBF95E19C68C3500022755 /* Products */;
			projectDirPath = "";
			projectRoot = "";
			targets = (
				18BBF95C19C68C3500022755 /* 05-线程的安全问题（了解） */,
				18BBF97D19C68C3500022755 /* 05-线程的安全问题（了解）Tests */,
			);
		};
/* End PBXProject section */

/* Begin PBXResourcesBuildPhase section */
		18BBF95B19C68C3500022755 /* Resources */ = {
			isa = PBXResourcesBuildPhase;
			buildActionMask = 2147483647;
			files = (
				18BBF97919C68C3500022755 /* Images.xcassets in Resources */,
				18BBF96B19C68C3500022755 /* InfoPlist.strings in Resources */,
				18BBF97419C68C3500022755 /* Main.storyboard in Resources */,
			);
			runOnlyForDeploymentPostprocessing = 0;
		};
		18BBF97C19C68C3500022755 /* Resources */ = {
			isa = PBXResourcesBuildPhase;
			buildActionMask = 2147483647;
			files = (
				18BBF98A19C68C3500022755 /* InfoPlist.strings in Resources */,
			);
			runOnlyForDeploymentPostprocessing = 0;
		};
/* End PBXResourcesBuildPhase section */

/* Begin PBXSourcesBuildPhase section */
		18BBF95919C68C3500022755 /* Sources */ = {
			isa = PBXSourcesBuildPhase;
			buildActionMask = 2147483647;
			files = (
				18BBF97719C68C3500022755 /* HMViewController.m in Sources */,
				18BBF96D19C68C3500022755 /* main.m in Sources */,
				18BBF97119C68C3500022755 /* HMAppDelegate.m in Sources */,
			);
			runOnlyForDeploymentPostprocessing = 0;
		};
		18BBF97A19C68C3500022755 /* Sources */ = {
			isa = PBXSourcesBuildPhase;
			buildActionMask = 2147483647;
			files = (
				18BBF98C19C68C3500022755 /* _5____________Tests.m in Sources */,
			);
			runOnlyForDeploymentPostprocessing = 0;
		};
/* End PBXSourcesBuildPhase section */

/* Begin PBXTargetDependency section */
		18BBF98419C68C3500022755 /* PBXTargetDependency */ = {
			isa = PBXTargetDependency;
			target = 18BBF95C19C68C3500022755 /* 05-线程的安全问题（了解） */;
			targetProxy = 18BBF98319C68C3500022755 /* PBXContainerItemProxy */;
		};
/* End PBXTargetDependency section */

/* Begin PBXVariantGroup section */
		18BBF96919C68C3500022755 /* InfoPlist.strings */ = {
			isa = PBXVariantGroup;
			children = (
				18BBF96A19C68C3500022755 /* en */,
			);
			name = InfoPlist.strings;
			sourceTree = "<group>";
		};
		18BBF97219C68C3500022755 /* Main.storyboard */ = {
			isa = PBXVariantGroup;
			children = (
				18BBF97319C68C3500022755 /* Base */,
			);
			name = Main.storyboard;
			sourceTree = "<group>";
		};
		18BBF98819C68C3500022755 /* InfoPlist.strings */ = {
			isa = PBXVariantGroup;
			children = (
				18BBF98919C68C3500022755 /* en */,
			);
			name = InfoPlist.strings;
			sourceTree = "<group>";
		};
/* End PBXVariantGroup section */

/* Begin XCBuildConfiguration section */
		18BBF98D19C68C3500022755 /* Debug */ = {
			isa = XCBuildConfiguration;
			buildSettings = {
				ALWAYS_SEARCH_USER_PATHS = NO;
				CLANG_CXX_LANGUAGE_STANDARD = "gnu++0x";
				CLANG_CXX_LIBRARY = "libc++";
				CLANG_ENABLE_MODULES = YES;
				CLANG_ENABLE_OBJC_ARC = YES;
				CLANG_WARN_BOOL_CONVERSION = YES;
				CLANG_WARN_CONSTANT_CONVERSION = YES;
				CLANG_WARN_DIRECT_OBJC_ISA_USAGE = YES_ERROR;
				CLANG_WARN_EMPTY_BODY = YES;
				CLANG_WARN_ENUM_CONVERSION = YES;
				CLANG_WARN_INT_CONVERSION = YES;
				CLANG_WARN_OBJC_ROOT_CLASS = YES_ERROR;
				CLANG_WARN__DUPLICATE_METHOD_MATCH = YES;
				"CODE_SIGN_IDENTITY[sdk=iphoneos*]" = "iPhone Developer";
				COPY_PHASE_STRIP = NO;
				GCC_C_LANGUAGE_STANDARD = gnu99;
				GCC_DYNAMIC_NO_PIC = NO;
				GCC_OPTIMIZATION_LEVEL = 0;
				GCC_PREPROCESSOR_DEFINITIONS = (
					"DEBUG=1",
					"$(inherited)",
				);
				GCC_SYMBOLS_PRIVATE_EXTERN = NO;
				GCC_WARN_64_TO_32_BIT_CONVERSION = YES;
				GCC_WARN_ABOUT_RETURN_TYPE = YES_ERROR;
				GCC_WARN_UNDECLARED_SELECTOR = YES;
				GCC_WARN_UNINITIALIZED_AUTOS = YES_AGGRESSIVE;
				GCC_WARN_UNUSED_FUNCTION = YES;
				GCC_WARN_UNUSED_VARIABLE = YES;
				IPHONEOS_DEPLOYMENT_TARGET = 7.1;
				ONLY_ACTIVE_ARCH = YES;
				SDKROOT = iphoneos;
			};
			name = Debug;
		};
		18BBF98E19C68C3500022755 /* Release */ = {
			isa = XCBuildConfiguration;
			buildSettings = {
				ALWAYS_SEARCH_USER_PATHS = NO;
				CLANG_CXX_LANGUAGE_STANDARD = "gnu++0x";
				CLANG_CXX_LIBRARY = "libc++";
				CLANG_ENABLE_MODULES = YES;
				CLANG_ENABLE_OBJC_ARC = YES;
				CLANG_WARN_BOOL_CONVERSION = YES;
				CLANG_WARN_CONSTANT_CONVERSION = YES;
				CLANG_WARN_DIRECT_OBJC_ISA_USAGE = YES_ERROR;
				CLANG_WARN_EMPTY_BODY = YES;
				CLANG_WARN_ENUM_CONVERSION = YES;
				CLANG_WARN_INT_CONVERSION = YES;
				CLANG_WARN_OBJC_ROOT_CLASS = YES_ERROR;
				CLANG_WARN__DUPLICATE_METHOD_MATCH = YES;
				"CODE_SIGN_IDENTITY[sdk=iphoneos*]" = "iPhone Developer";
				COPY_PHASE_STRIP = YES;
				ENABLE_NS_ASSERTIONS = NO;
				GCC_C_LANGUAGE_STANDARD = gnu99;
				GCC_WARN_64_TO_32_BIT_CONVERSION = YES;
				GCC_WARN_ABOUT_RETURN_TYPE = YES_ERROR;
				GCC_WARN_UNDECLARED_SELECTOR = YES;
				GCC_WARN_UNINITIALIZED_AUTOS = YES_AGGRESSIVE;
				GCC_WARN_UNUSED_FUNCTION = YES;
				GCC_WARN_UNUSED_VARIABLE = YES;
				IPHONEOS_DEPLOYMENT_TARGET = 7.1;
				SDKROOT = iphoneos;
				VALIDATE_PRODUCT = YES;
			};
			name = Release;
		};
		18BBF99019C68C3500022755 /* Debug */ = {
			isa = XCBuildConfiguration;
			buildSettings = {
				ASSETCATALOG_COMPILER_APPICON_NAME = AppIcon;
				ASSETCATALOG_COMPILER_LAUNCHIMAGE_NAME = LaunchImage;
				GCC_PRECOMPILE_PREFIX_HEADER = YES;
				GCC_PREFIX_HEADER = "05-线程的安全问题（了解）/05-线程的安全问题（了解）-Prefix.pch";
				INFOPLIST_FILE = "05-线程的安全问题（了解）/05-线程的安全问题（了解）-Info.plist";
				PRODUCT_NAME = "$(TARGET_NAME)";
				WRAPPER_EXTENSION = app;
			};
			name = Debug;
		};
		18BBF99119C68C3500022755 /* Release */ = {
			isa = XCBuildConfiguration;
			buildSettings = {
				ASSETCATALOG_COMPILER_APPICON_NAME = AppIcon;
				ASSETCATALOG_COMPILER_LAUNCHIMAGE_NAME = LaunchImage;
				GCC_PRECOMPILE_PREFIX_HEADER = YES;
				GCC_PREFIX_HEADER = "05-线程的安全问题（了解）/05-线程的安全问题（了解）-Prefix.pch";
				INFOPLIST_FILE = "05-线程的安全问题（了解）/05-线程的安全问题（了解）-Info.plist";
				PRODUCT_NAME = "$(TARGET_NAME)";
				WRAPPER_EXTENSION = app;
			};
			name = Release;
		};
		18BBF99319C68C3500022755 /* Debug */ = {
			isa = XCBuildConfiguration;
			buildSettings = {
				BUNDLE_LOADER = "$(BUILT_PRODUCTS_DIR)/05-线程的安全问题（了解）.app/05-线程的安全问题（了解）";
				FRAMEWORK_SEARCH_PATHS = (
					"$(SDKROOT)/Developer/Library/Frameworks",
					"$(inherited)",
					"$(DEVELOPER_FRAMEWORKS_DIR)",
				);
				GCC_PRECOMPILE_PREFIX_HEADER = YES;
				GCC_PREFIX_HEADER = "05-线程的安全问题（了解）/05-线程的安全问题（了解）-Prefix.pch";
				GCC_PREPROCESSOR_DEFINITIONS = (
					"DEBUG=1",
					"$(inherited)",
				);
				INFOPLIST_FILE = "05-线程的安全问题（了解）Tests/05-线程的安全问题（了解）Tests-Info.plist";
				PRODUCT_NAME = "$(TARGET_NAME)";
				TEST_HOST = "$(BUNDLE_LOADER)";
				WRAPPER_EXTENSION = xctest;
			};
			name = Debug;
		};
		18BBF99419C68C3500022755 /* Release */ = {
			isa = XCBuildConfiguration;
			buildSettings = {
				BUNDLE_LOADER = "$(BUILT_PRODUCTS_DIR)/05-线程的安全问题（了解）.app/05-线程的安全问题（了解）";
				FRAMEWORK_SEARCH_PATHS = (
					"$(SDKROOT)/Developer/Library/Frameworks",
					"$(inherited)",
					"$(DEVELOPER_FRAMEWORKS_DIR)",
				);
				GCC_PRECOMPILE_PREFIX_HEADER = YES;
				GCC_PREFIX_HEADER = "05-线程的安全问题（了解）/05-线程的安全问题（了解）-Prefix.pch";
				INFOPLIST_FILE = "05-线程的安全问题（了解）Tests/05-线程的安全问题（了解）Tests-Info.plist";
				PRODUCT_NAME = "$(TARGET_NAME)";
				TEST_HOST = "$(BUNDLE_LOADER)";
				WRAPPER_EXTENSION = xctest;
			};
			name = Release;
		};
/* End XCBuildConfiguration section */

/* Begin XCConfigurationList section */
		18BBF95819C68C3500022755 /* Build configuration list for PBXProject "05-线程的安全问题（了解）" */ = {
			isa = XCConfigurationList;
			buildConfigurations = (
				18BBF98D19C68C3500022755 /* Debug */,
				18BBF98E19C68C3500022755 /* Release */,
			);
			defaultConfigurationIsVisible = 0;
			defaultConfigurationName = Release;
		};
		18BBF98F19C68C3500022755 /* Build configuration list for PBXNativeTarget "05-线程的安全问题（了解）" */ = {
			isa = XCConfigurationList;
			buildConfigurations = (
				18BBF99019C68C3500022755 /* Debug */,
				18BBF99119C68C3500022755 /* Release */,
			);
			defaultConfigurationIsVisible = 0;
		};
		18BBF99219C68C3500022755 /* Build configuration list for PBXNativeTarget "05-线程的安全问题（了解）Tests" */ = {
			isa = XCConfigurationList;
			buildConfigurations = (
				18BBF99319C68C3500022755 /* Debug */,
				18BBF99419C68C3500022755 /* Release */,
			);
			defaultConfigurationIsVisible = 0;
		};
/* End XCConfigurationList section */
	};
	rootObject = 18BBF95519C68C3500022755 /* Project object */;
}
