// !$*UTF8*$!
{
	archiveVersion = 1;
	classes = {
	};
	objectVersion = 46;
	objects = {

/* Begin PBXBuildFile section */
		18A6526819C67D580013CBEA /* Foundation.framework in Frameworks */ = {isa = PBXBuildFile; fileRef = 18A6526719C67D580013CBEA /* Foundation.framework */; };
		18A6526A19C67D580013CBEA /* CoreGraphics.framework in Frameworks */ = {isa = PBXBuildFile; fileRef = 18A6526919C67D580013CBEA /* CoreGraphics.framework */; };
		18A6526C19C67D580013CBEA /* UIKit.framework in Frameworks */ = {isa = PBXBuildFile; fileRef = 18A6526B19C67D580013CBEA /* UIKit.framework */; };
		18A6527219C67D580013CBEA /* InfoPlist.strings in Resources */ = {isa = PBXBuildFile; fileRef = 18A6527019C67D580013CBEA /* InfoPlist.strings */; };
		18A6527419C67D580013CBEA /* main.m in Sources */ = {isa = PBXBuildFile; fileRef = 18A6527319C67D580013CBEA /* main.m */; };
		18A6527819C67D580013CBEA /* HMAppDelegate.m in Sources */ = {isa = PBXBuildFile; fileRef = 18A6527719C67D580013CBEA /* HMAppDelegate.m */; };
		18A6527B19C67D580013CBEA /* Main.storyboard in Resources */ = {isa = PBXBuildFile; fileRef = 18A6527919C67D580013CBEA /* Main.storyboard */; };
		18A6527E19C67D580013CBEA /* HMViewController.m in Sources */ = {isa = PBXBuildFile; fileRef = 18A6527D19C67D580013CBEA /* HMViewController.m */; };
		18A6528019C67D580013CBEA /* Images.xcassets in Resources */ = {isa = PBXBuildFile; fileRef = 18A6527F19C67D580013CBEA /* Images.xcassets */; };
		18A6528719C67D580013CBEA /* XCTest.framework in Frameworks */ = {isa = PBXBuildFile; fileRef = 18A6528619C67D580013CBEA /* XCTest.framework */; };
		18A6528819C67D580013CBEA /* Foundation.framework in Frameworks */ = {isa = PBXBuildFile; fileRef = 18A6526719C67D580013CBEA /* Foundation.framework */; };
		18A6528919C67D580013CBEA /* UIKit.framework in Frameworks */ = {isa = PBXBuildFile; fileRef = 18A6526B19C67D580013CBEA /* UIKit.framework */; };
		18A6529119C67D580013CBEA /* InfoPlist.strings in Resources */ = {isa = PBXBuildFile; fileRef = 18A6528F19C67D580013CBEA /* InfoPlist.strings */; };
		18A6529319C67D580013CBEA /* _2_pthread____Tests.m in Sources */ = {isa = PBXBuildFile; fileRef = 18A6529219C67D580013CBEA /* _2_pthread____Tests.m */; };
/* End PBXBuildFile section */

/* Begin PBXContainerItemProxy section */
		18A6528A19C67D580013CBEA /* PBXContainerItemProxy */ = {
			isa = PBXContainerItemProxy;
			containerPortal = 18A6525C19C67D580013CBEA /* Project object */;
			proxyType = 1;
			remoteGlobalIDString = 18A6526319C67D580013CBEA;
			remoteInfo = "02-pthread（演示）";
		};
/* End PBXContainerItemProxy section */

/* Begin PBXFileReference section */
		18A6526419C67D580013CBEA /* 02-pthread（演示）.app */ = {isa = PBXFileReference; explicitFileType = wrapper.application; includeInIndex = 0; path = "02-pthread（演示）.app"; sourceTree = BUILT_PRODUCTS_DIR; };
		18A6526719C67D580013CBEA /* Foundation.framework */ = {isa = PBXFileReference; lastKnownFileType = wrapper.framework; name = Foundation.framework; path = System/Library/Frameworks/Foundation.framework; sourceTree = SDKROOT; };
		18A6526919C67D580013CBEA /* CoreGraphics.framework */ = {isa = PBXFileReference; lastKnownFileType = wrapper.framework; name = CoreGraphics.framework; path = System/Library/Frameworks/CoreGraphics.framework; sourceTree = SDKROOT; };
		18A6526B19C67D580013CBEA /* UIKit.framework */ = {isa = PBXFileReference; lastKnownFileType = wrapper.framework; name = UIKit.framework; path = System/Library/Frameworks/UIKit.framework; sourceTree = SDKROOT; };
		18A6526F19C67D580013CBEA /* 02-pthread（演示）-Info.plist */ = {isa = PBXFileReference; lastKnownFileType = text.plist.xml; path = "02-pthread（演示）-Info.plist"; sourceTree = "<group>"; };
		18A6527119C67D580013CBEA /* en */ = {isa = PBXFileReference; lastKnownFileType = text.plist.strings; name = en; path = en.lproj/InfoPlist.strings; sourceTree = "<group>"; };
		18A6527319C67D580013CBEA /* main.m */ = {isa = PBXFileReference; lastKnownFileType = sourcecode.c.objc; path = main.m; sourceTree = "<group>"; };
		18A6527519C67D580013CBEA /* 02-pthread（演示）-Prefix.pch */ = {isa = PBXFileReference; lastKnownFileType = sourcecode.c.h; path = "02-pthread（演示）-Prefix.pch"; sourceTree = "<group>"; };
		18A6527619C67D580013CBEA /* HMAppDelegate.h */ = {isa = PBXFileReference; lastKnownFileType = sourcecode.c.h; path = HMAppDelegate.h; sourceTree = "<group>"; };
		18A6527719C67D580013CBEA /* HMAppDelegate.m */ = {isa = PBXFileReference; lastKnownFileType = sourcecode.c.objc; path = HMAppDelegate.m; sourceTree = "<group>"; };
		18A6527A19C67D580013CBEA /* Base */ = {isa = PBXFileReference; lastKnownFileType = file.storyboard; name = Base; path = Base.lproj/Main.storyboard; sourceTree = "<group>"; };
		18A6527C19C67D580013CBEA /* HMViewController.h */ = {isa = PBXFileReference; lastKnownFileType = sourcecode.c.h; path = HMViewController.h; sourceTree = "<group>"; };
		18A6527D19C67D580013CBEA /* HMViewController.m */ = {isa = PBXFileReference; lastKnownFileType = sourcecode.c.objc; path = HMViewController.m; sourceTree = "<group>"; };
		18A6527F19C67D580013CBEA /* Images.xcassets */ = {isa = PBXFileReference; lastKnownFileType = folder.assetcatalog; path = Images.xcassets; sourceTree = "<group>"; };
		18A6528519C67D580013CBEA /* 02-pthread（演示）Tests.xctest */ = {isa = PBXFileReference; explicitFileType = wrapper.cfbundle; includeInIndex = 0; path = "02-pthread（演示）Tests.xctest"; sourceTree = BUILT_PRODUCTS_DIR; };
		18A6528619C67D580013CBEA /* XCTest.framework */ = {isa = PBXFileReference; lastKnownFileType = wrapper.framework; name = XCTest.framework; path = Library/Frameworks/XCTest.framework; sourceTree = DEVELOPER_DIR; };
		18A6528E19C67D580013CBEA /* 02-pthread（演示）Tests-Info.plist */ = {isa = PBXFileReference; lastKnownFileType = text.plist.xml; path = "02-pthread（演示）Tests-Info.plist"; sourceTree = "<group>"; };
		18A6529019C67D580013CBEA /* en */ = {isa = PBXFileReference; lastKnownFileType = text.plist.strings; name = en; path = en.lproj/InfoPlist.strings; sourceTree = "<group>"; };
		18A6529219C67D580013CBEA /* _2_pthread____Tests.m */ = {isa = PBXFileReference; lastKnownFileType = sourcecode.c.objc; path = "_2_pthread____Tests.m"; sourceTree = "<group>"; };
/* End PBXFileReference section */

/* Begin PBXFrameworksBuildPhase section */
		18A6526119C67D580013CBEA /* Frameworks */ = {
			isa = PBXFrameworksBuildPhase;
			buildActionMask = 2147483647;
			files = (
				18A6526A19C67D580013CBEA /* CoreGraphics.framework in Frameworks */,
				18A6526C19C67D580013CBEA /* UIKit.framework in Frameworks */,
				18A6526819C67D580013CBEA /* Foundation.framework in Frameworks */,
			);
			runOnlyForDeploymentPostprocessing = 0;
		};
		18A6528219C67D580013CBEA /* Frameworks */ = {
			isa = PBXFrameworksBuildPhase;
			buildActionMask = 2147483647;
			files = (
				18A6528719C67D580013CBEA /* XCTest.framework in Frameworks */,
				18A6528919C67D580013CBEA /* UIKit.framework in Frameworks */,
				18A6528819C67D580013CBEA /* Foundation.framework in Frameworks */,
			);
			runOnlyForDeploymentPostprocessing = 0;
		};
/* End PBXFrameworksBuildPhase section */

/* Begin PBXGroup section */
		18A6525B19C67D580013CBEA = {
			isa = PBXGroup;
			children = (
				18A6526D19C67D580013CBEA /* 02-pthread（演示） */,
				18A6528C19C67D580013CBEA /* 02-pthread（演示）Tests */,
				18A6526619C67D580013CBEA /* Frameworks */,
				18A6526519C67D580013CBEA /* Products */,
			);
			sourceTree = "<group>";
		};
		18A6526519C67D580013CBEA /* Products */ = {
			isa = PBXGroup;
			children = (
				18A6526419C67D580013CBEA /* 02-pthread（演示）.app */,
				18A6528519C67D580013CBEA /* 02-pthread（演示）Tests.xctest */,
			);
			name = Products;
			sourceTree = "<group>";
		};
		18A6526619C67D580013CBEA /* Frameworks */ = {
			isa = PBXGroup;
			children = (
				18A6526719C67D580013CBEA /* Foundation.framework */,
				18A6526919C67D580013CBEA /* CoreGraphics.framework */,
				18A6526B19C67D580013CBEA /* UIKit.framework */,
				18A6528619C67D580013CBEA /* XCTest.framework */,
			);
			name = Frameworks;
			sourceTree = "<group>";
		};
		18A6526D19C67D580013CBEA /* 02-pthread（演示） */ = {
			isa = PBXGroup;
			children = (
				18A6527619C67D580013CBEA /* HMAppDelegate.h */,
				18A6527719C67D580013CBEA /* HMAppDelegate.m */,
				18A6527919C67D580013CBEA /* Main.storyboard */,
				18A6527C19C67D580013CBEA /* HMViewController.h */,
				18A6527D19C67D580013CBEA /* HMViewController.m */,
				18A6527F19C67D580013CBEA /* Images.xcassets */,
				18A6526E19C67D580013CBEA /* Supporting Files */,
			);
			path = "02-pthread（演示）";
			sourceTree = "<group>";
		};
		18A6526E19C67D580013CBEA /* Supporting Files */ = {
			isa = PBXGroup;
			children = (
				18A6526F19C67D580013CBEA /* 02-pthread（演示）-Info.plist */,
				18A6527019C67D580013CBEA /* InfoPlist.strings */,
				18A6527319C67D580013CBEA /* main.m */,
				18A6527519C67D580013CBEA /* 02-pthread（演示）-Prefix.pch */,
			);
			name = "Supporting Files";
			sourceTree = "<group>";
		};
		18A6528C19C67D580013CBEA /* 02-pthread（演示）Tests */ = {
			isa = PBXGroup;
			children = (
				18A6529219C67D580013CBEA /* _2_pthread____Tests.m */,
				18A6528D19C67D580013CBEA /* Supporting Files */,
			);
			path = "02-pthread（演示）Tests";
			sourceTree = "<group>";
		};
		18A6528D19C67D580013CBEA /* Supporting Files */ = {
			isa = PBXGroup;
			children = (
				18A6528E19C67D580013CBEA /* 02-pthread（演示）Tests-Info.plist */,
				18A6528F19C67D580013CBEA /* InfoPlist.strings */,
			);
			name = "Supporting Files";
			sourceTree = "<group>";
		};
/* End PBXGroup section */

/* Begin PBXNativeTarget section */
		18A6526319C67D580013CBEA /* 02-pthread（演示） */ = {
			isa = PBXNativeTarget;
			buildConfigurationList = 18A6529619C67D580013CBEA /* Build configuration list for PBXNativeTarget "02-pthread（演示）" */;
			buildPhases = (
				18A6526019C67D580013CBEA /* Sources */,
				18A6526119C67D580013CBEA /* Frameworks */,
				18A6526219C67D580013CBEA /* Resources */,
			);
			buildRules = (
			);
			dependencies = (
			);
			name = "02-pthread（演示）";
			productName = "02-pthread（演示）";
			productReference = 18A6526419C67D580013CBEA /* 02-pthread（演示）.app */;
			productType = "com.apple.product-type.application";
		};
		18A6528419C67D580013CBEA /* 02-pthread（演示）Tests */ = {
			isa = PBXNativeTarget;
			buildConfigurationList = 18A6529919C67D580013CBEA /* Build configuration list for PBXNativeTarget "02-pthread（演示）Tests" */;
			buildPhases = (
				18A6528119C67D580013CBEA /* Sources */,
				18A6528219C67D580013CBEA /* Frameworks */,
				18A6528319C67D580013CBEA /* Resources */,
			);
			buildRules = (
			);
			dependencies = (
				18A6528B19C67D580013CBEA /* PBXTargetDependency */,
			);
			name = "02-pthread（演示）Tests";
			productName = "02-pthread（演示）Tests";
			productReference = 18A6528519C67D580013CBEA /* 02-pthread（演示）Tests.xctest */;
			productType = "com.apple.product-type.bundle.unit-test";
		};
/* End PBXNativeTarget section */

/* Begin PBXProject section */
		18A6525C19C67D580013CBEA /* Project object */ = {
			isa = PBXProject;
			attributes = {
				CLASSPREFIX = HM;
				LastUpgradeCheck = 0510;
				ORGANIZATIONNAME = heima;
				TargetAttributes = {
					18A6528419C67D580013CBEA = {
						TestTargetID = 18A6526319C67D580013CBEA;
					};
				};
			};
			buildConfigurationList = 18A6525F19C67D580013CBEA /* Build configuration list for PBXProject "02-pthread（演示）" */;
			compatibilityVersion = "Xcode 3.2";
			developmentRegion = English;
			hasScannedForEncodings = 0;
			knownRegions = (
				en,
				Base,
			);
			mainGroup = 18A6525B19C67D580013CBEA;
			productRefGroup = 18A6526519C67D580013CBEA /* Products */;
			projectDirPath = "";
			projectRoot = "";
			targets = (
				18A6526319C67D580013CBEA /* 02-pthread（演示） */,
				18A6528419C67D580013CBEA /* 02-pthread（演示）Tests */,
			);
		};
/* End PBXProject section */

/* Begin PBXResourcesBuildPhase section */
		18A6526219C67D580013CBEA /* Resources */ = {
			isa = PBXResourcesBuildPhase;
			buildActionMask = 2147483647;
			files = (
				18A6528019C67D580013CBEA /* Images.xcassets in Resources */,
				18A6527219C67D580013CBEA /* InfoPlist.strings in Resources */,
				18A6527B19C67D580013CBEA /* Main.storyboard in Resources */,
			);
			runOnlyForDeploymentPostprocessing = 0;
		};
		18A6528319C67D580013CBEA /* Resources */ = {
			isa = PBXResourcesBuildPhase;
			buildActionMask = 2147483647;
			files = (
				18A6529119C67D580013CBEA /* InfoPlist.strings in Resources */,
			);
			runOnlyForDeploymentPostprocessing = 0;
		};
/* End PBXResourcesBuildPhase section */

/* Begin PBXSourcesBuildPhase section */
		18A6526019C67D580013CBEA /* Sources */ = {
			isa = PBXSourcesBuildPhase;
			buildActionMask = 2147483647;
			files = (
				18A6527E19C67D580013CBEA /* HMViewController.m in Sources */,
				18A6527419C67D580013CBEA /* main.m in Sources */,
				18A6527819C67D580013CBEA /* HMAppDelegate.m in Sources */,
			);
			runOnlyForDeploymentPostprocessing = 0;
		};
		18A6528119C67D580013CBEA /* Sources */ = {
			isa = PBXSourcesBuildPhase;
			buildActionMask = 2147483647;
			files = (
				18A6529319C67D580013CBEA /* _2_pthread____Tests.m in Sources */,
			);
			runOnlyForDeploymentPostprocessing = 0;
		};
/* End PBXSourcesBuildPhase section */

/* Begin PBXTargetDependency section */
		18A6528B19C67D580013CBEA /* PBXTargetDependency */ = {
			isa = PBXTargetDependency;
			target = 18A6526319C67D580013CBEA /* 02-pthread（演示） */;
			targetProxy = 18A6528A19C67D580013CBEA /* PBXContainerItemProxy */;
		};
/* End PBXTargetDependency section */

/* Begin PBXVariantGroup section */
		18A6527019C67D580013CBEA /* InfoPlist.strings */ = {
			isa = PBXVariantGroup;
			children = (
				18A6527119C67D580013CBEA /* en */,
			);
			name = InfoPlist.strings;
			sourceTree = "<group>";
		};
		18A6527919C67D580013CBEA /* Main.storyboard */ = {
			isa = PBXVariantGroup;
			children = (
				18A6527A19C67D580013CBEA /* Base */,
			);
			name = Main.storyboard;
			sourceTree = "<group>";
		};
		18A6528F19C67D580013CBEA /* InfoPlist.strings */ = {
			isa = PBXVariantGroup;
			children = (
				18A6529019C67D580013CBEA /* en */,
			);
			name = InfoPlist.strings;
			sourceTree = "<group>";
		};
/* End PBXVariantGroup section */

/* Begin XCBuildConfiguration section */
		18A6529419C67D580013CBEA /* Debug */ = {
			isa = XCBuildConfiguration;
			buildSettings = {
				ALWAYS_SEARCH_USER_PATHS = NO;
				CLANG_CXX_LANGUAGE_STANDARD = "gnu++0x";
				CLANG_CXX_LIBRARY = "libc++";
				CLANG_ENABLE_MODULES = YES;
				CLANG_ENABLE_OBJC_ARC = YES;
				CLANG_WARN_BOOL_CONVERSION = YES;
				CLANG_WARN_CONSTANT_CONVERSION = YES;
				CLANG_WARN_DIRECT_OBJC_ISA_USAGE = YES_ERROR;
				CLANG_WARN_EMPTY_BODY = YES;
				CLANG_WARN_ENUM_CONVERSION = YES;
				CLANG_WARN_INT_CONVERSION = YES;
				CLANG_WARN_OBJC_ROOT_CLASS = YES_ERROR;
				CLANG_WARN__DUPLICATE_METHOD_MATCH = YES;
				"CODE_SIGN_IDENTITY[sdk=iphoneos*]" = "iPhone Developer";
				COPY_PHASE_STRIP = NO;
				GCC_C_LANGUAGE_STANDARD = gnu99;
				GCC_DYNAMIC_NO_PIC = NO;
				GCC_OPTIMIZATION_LEVEL = 0;
				GCC_PREPROCESSOR_DEFINITIONS = (
					"DEBUG=1",
					"$(inherited)",
				);
				GCC_SYMBOLS_PRIVATE_EXTERN = NO;
				GCC_WARN_64_TO_32_BIT_CONVERSION = YES;
				GCC_WARN_ABOUT_RETURN_TYPE = YES_ERROR;
				GCC_WARN_UNDECLARED_SELECTOR = YES;
				GCC_WARN_UNINITIALIZED_AUTOS = YES_AGGRESSIVE;
				GCC_WARN_UNUSED_FUNCTION = YES;
				GCC_WARN_UNUSED_VARIABLE = YES;
				IPHONEOS_DEPLOYMENT_TARGET = 7.1;
				ONLY_ACTIVE_ARCH = YES;
				SDKROOT = iphoneos;
			};
			name = Debug;
		};
		18A6529519C67D580013CBEA /* Release */ = {
			isa = XCBuildConfiguration;
			buildSettings = {
				ALWAYS_SEARCH_USER_PATHS = NO;
				CLANG_CXX_LANGUAGE_STANDARD = "gnu++0x";
				CLANG_CXX_LIBRARY = "libc++";
				CLANG_ENABLE_MODULES = YES;
				CLANG_ENABLE_OBJC_ARC = YES;
				CLANG_WARN_BOOL_CONVERSION = YES;
				CLANG_WARN_CONSTANT_CONVERSION = YES;
				CLANG_WARN_DIRECT_OBJC_ISA_USAGE = YES_ERROR;
				CLANG_WARN_EMPTY_BODY = YES;
				CLANG_WARN_ENUM_CONVERSION = YES;
				CLANG_WARN_INT_CONVERSION = YES;
				CLANG_WARN_OBJC_ROOT_CLASS = YES_ERROR;
				CLANG_WARN__DUPLICATE_METHOD_MATCH = YES;
				"CODE_SIGN_IDENTITY[sdk=iphoneos*]" = "iPhone Developer";
				COPY_PHASE_STRIP = YES;
				ENABLE_NS_ASSERTIONS = NO;
				GCC_C_LANGUAGE_STANDARD = gnu99;
				GCC_WARN_64_TO_32_BIT_CONVERSION = YES;
				GCC_WARN_ABOUT_RETURN_TYPE = YES_ERROR;
				GCC_WARN_UNDECLARED_SELECTOR = YES;
				GCC_WARN_UNINITIALIZED_AUTOS = YES_AGGRESSIVE;
				GCC_WARN_UNUSED_FUNCTION = YES;
				GCC_WARN_UNUSED_VARIABLE = YES;
				IPHONEOS_DEPLOYMENT_TARGET = 7.1;
				SDKROOT = iphoneos;
				VALIDATE_PRODUCT = YES;
			};
			name = Release;
		};
		18A6529719C67D580013CBEA /* Debug */ = {
			isa = XCBuildConfiguration;
			buildSettings = {
				ASSETCATALOG_COMPILER_APPICON_NAME = AppIcon;
				ASSETCATALOG_COMPILER_LAUNCHIMAGE_NAME = LaunchImage;
				GCC_PRECOMPILE_PREFIX_HEADER = YES;
				GCC_PREFIX_HEADER = "02-pthread（演示）/02-pthread（演示）-Prefix.pch";
				INFOPLIST_FILE = "02-pthread（演示）/02-pthread（演示）-Info.plist";
				PRODUCT_NAME = "$(TARGET_NAME)";
				WRAPPER_EXTENSION = app;
			};
			name = Debug;
		};
		18A6529819C67D580013CBEA /* Release */ = {
			isa = XCBuildConfiguration;
			buildSettings = {
				ASSETCATALOG_COMPILER_APPICON_NAME = AppIcon;
				ASSETCATALOG_COMPILER_LAUNCHIMAGE_NAME = LaunchImage;
				GCC_PRECOMPILE_PREFIX_HEADER = YES;
				GCC_PREFIX_HEADER = "02-pthread（演示）/02-pthread（演示）-Prefix.pch";
				INFOPLIST_FILE = "02-pthread（演示）/02-pthread（演示）-Info.plist";
				PRODUCT_NAME = "$(TARGET_NAME)";
				WRAPPER_EXTENSION = app;
			};
			name = Release;
		};
		18A6529A19C67D580013CBEA /* Debug */ = {
			isa = XCBuildConfiguration;
			buildSettings = {
				BUNDLE_LOADER = "$(BUILT_PRODUCTS_DIR)/02-pthread（演示）.app/02-pthread（演示）";
				FRAMEWORK_SEARCH_PATHS = (
					"$(SDKROOT)/Developer/Library/Frameworks",
					"$(inherited)",
					"$(DEVELOPER_FRAMEWORKS_DIR)",
				);
				GCC_PRECOMPILE_PREFIX_HEADER = YES;
				GCC_PREFIX_HEADER = "02-pthread（演示）/02-pthread（演示）-Prefix.pch";
				GCC_PREPROCESSOR_DEFINITIONS = (
					"DEBUG=1",
					"$(inherited)",
				);
				INFOPLIST_FILE = "02-pthread（演示）Tests/02-pthread（演示）Tests-Info.plist";
				PRODUCT_NAME = "$(TARGET_NAME)";
				TEST_HOST = "$(BUNDLE_LOADER)";
				WRAPPER_EXTENSION = xctest;
			};
			name = Debug;
		};
		18A6529B19C67D580013CBEA /* Release */ = {
			isa = XCBuildConfiguration;
			buildSettings = {
				BUNDLE_LOADER = "$(BUILT_PRODUCTS_DIR)/02-pthread（演示）.app/02-pthread（演示）";
				FRAMEWORK_SEARCH_PATHS = (
					"$(SDKROOT)/Developer/Library/Frameworks",
					"$(inherited)",
					"$(DEVELOPER_FRAMEWORKS_DIR)",
				);
				GCC_PRECOMPILE_PREFIX_HEADER = YES;
				GCC_PREFIX_HEADER = "02-pthread（演示）/02-pthread（演示）-Prefix.pch";
				INFOPLIST_FILE = "02-pthread（演示）Tests/02-pthread（演示）Tests-Info.plist";
				PRODUCT_NAME = "$(TARGET_NAME)";
				TEST_HOST = "$(BUNDLE_LOADER)";
				WRAPPER_EXTENSION = xctest;
			};
			name = Release;
		};
/* End XCBuildConfiguration section */

/* Begin XCConfigurationList section */
		18A6525F19C67D580013CBEA /* Build configuration list for PBXProject "02-pthread（演示）" */ = {
			isa = XCConfigurationList;
			buildConfigurations = (
				18A6529419C67D580013CBEA /* Debug */,
				18A6529519C67D580013CBEA /* Release */,
			);
			defaultConfigurationIsVisible = 0;
			defaultConfigurationName = Release;
		};
		18A6529619C67D580013CBEA /* Build configuration list for PBXNativeTarget "02-pthread（演示）" */ = {
			isa = XCConfigurationList;
			buildConfigurations = (
				18A6529719C67D580013CBEA /* Debug */,
				18A6529819C67D580013CBEA /* Release */,
			);
			defaultConfigurationIsVisible = 0;
		};
		18A6529919C67D580013CBEA /* Build configuration list for PBXNativeTarget "02-pthread（演示）Tests" */ = {
			isa = XCConfigurationList;
			buildConfigurations = (
				18A6529A19C67D580013CBEA /* Debug */,
				18A6529B19C67D580013CBEA /* Release */,
			);
			defaultConfigurationIsVisible = 0;
		};
/* End XCConfigurationList section */
	};
	rootObject = 18A6525C19C67D580013CBEA /* Project object */;
}
